lockfileVersion: '9.0'

settings:
  autoInstallPeers: true
  excludeLinksFromLockfile: false

overrides:
  '@hot-updater/bsdiff': ^0.35.1
  '@hot-updater/server': ^0.35.1

importers:

  .:
    dependencies:
      '@hot-updater/cli-tools':
        specifier: ^0.35.1
        version: 0.35.1(@emnapi/core@1.11.1)(@emnapi/runtime@1.11.1)
      '@hot-updater/console':
        specifier: https://pkg.pr.new/gronxb/hot-updater/@hot-updater/console@c11bf75
        version: https://pkg.pr.new/gronxb/hot-updater/@hot-updater/console@c11bf75(@hot-updater/cli-tools@0.35.1(@emnapi/core@1.11.1)(@emnapi/runtime@1.11.1))(kysely@0.29.3)
      hot-updater:
        specifier: ^0.35.1
        version: 0.35.1(@emnapi/core@1.11.1)(@emnapi/runtime@1.11.1)(kysely@0.29.3)

packages:

  '@emnapi/core@1.11.1':
    resolution: {integrity: sha512-RSvbQmHzdKzNsLYa/wHrbc3KN4sYLKAdPZxqiM2HATqv/SBk2/ENSHpvXGaLOMcsAyz0poEGqkmmKYG3OWiJEQ==}

  '@emnapi/runtime@1.11.1':
    resolution: {integrity: sha512-vgj7R3y3Wgx24IQaGPA/R6YFXLHVMOZ0uVEyIQPaWs+rd1AzfEMXlAC22FYwO1XkKR6NPsq7mUandH8oIRdZFw==}

  '@emnapi/wasi-threads@1.2.2':
    resolution: {integrity: sha512-c95qOXkHdydNKhscBTebqEC1CVAZpyqOfVfBzQ1qgzyl3gfeldUjIggDbIZgDKsHLgnsM+igH7TJ/eAasaVuMA==}

  '@hot-updater/android-helper@0.35.1':
    resolution: {integrity: sha512-hCI5tmiUGW5m6BRRmkWtvKqsjGV24ib5IvwuF9x8qvYwqgt/5u9oEnxlkazWDYmrpU7vIH4GNOCPaspdPh2hcA==}

  '@hot-updater/apple-helper@0.35.1':
    resolution: {integrity: sha512-JG+aWVzHQSZDpqz6udhkXEqpimLVznIyOL0h9Rk5QFdT80EFh7r167PK25SvORaU6k+dHWjNWOx4mHRHUW92aA==}

  '@hot-updater/bsdiff@0.35.1':
    resolution: {integrity: sha512-7yPCob2PcBsUQTyrUToiN5vgbzYv1RqCECapUUqlXgp+aVYokYPwPuz2XRCIHb7wAnLrQWjeDb00gbXWlYKqFw==}

  '@hot-updater/cli-tools@0.35.1':
    resolution: {integrity: sha512-upZEQZEkbqi/rwe+J/p/R62EMnbDRIxp7BDB1SMjrMzf1j3s7DGYaOrQVsBNmiWjwYVroVj5+C9orXnVz3k5ag==}
    engines: {node: '>=20.19.0'}

  '@hot-updater/console@0.35.1':
    resolution: {integrity: sha512-hipJzTHpPKqTKz5fJiA2YrK+DLOSc/Zm6BRG2ekC4hWnCXQjUZ5eSkXv9xJMC4b9+bHOG6uK68Vq161BPeDI3g==}
    peerDependencies:
      '@hot-updater/cli-tools': '*'

  '@hot-updater/console@https://pkg.pr.new/gronxb/hot-updater/@hot-updater/console@c11bf75':
    resolution: {tarball: https://pkg.pr.new/gronxb/hot-updater/@hot-updater/console@c11bf75}
    version: 0.35.1
    hasBin: true
    peerDependencies:
      '@hot-updater/cli-tools': '*'

  '@hot-updater/core@0.35.1':
    resolution: {integrity: sha512-Hg8SnmpHwa5RqD52nYx1AK7Qs63k7M9BYgi5GHFWaOQIwXMUW+qE6Jx2zACOwyT5IQbb7pcmU0iKKnKqhc5BUA==}

  '@hot-updater/js@0.35.1':
    resolution: {integrity: sha512-dks2PhrEoJl1yojTurDKvUXyhdkDlZMeqvwDpnf39/xl6qtjFeipT+NiYCs1tLeLkrfyj7MMFGPfKbhFmO4oNA==}

  '@hot-updater/plugin-core@0.35.1':
    resolution: {integrity: sha512-ye3QtTyC/xERF//cjxuXnSZPPYlnkk4mSMVII1GcxPUlGCiVigRUllWyf85WA0scQwZtK3R/zP4rdP9MuA06cA==}

  '@hot-updater/server@0.35.1':
    resolution: {integrity: sha512-i/KkkqChBE/vk0jwYhx7e/u4x2cLKeOQAMzGhtUzvLRt8Mz2TINiLzYrh1/AlGDTjCe6Lfo6+VLgPzlhazqdRA==}
    peerDependencies:
      '@prisma/client': '*'
      drizzle-orm: '*'
      kysely: '*'
      mongodb: '*'
    peerDependenciesMeta:
      '@prisma/client':
        optional: true
      drizzle-orm:
        optional: true
      kysely:
        optional: true
      mongodb:
        optional: true

  '@napi-rs/wasm-runtime@1.1.6':
    resolution: {integrity: sha512-ZLv/JdUfkvOy9eCnnBaGfiO+XimbjebAeO+MRQqD/B+FR1tnRN0tpKSJHRbE8sFfS6aqsXZ67TQjfwfsxULVbg==}
    peerDependencies:
      '@emnapi/core': ^1.7.1
      '@emnapi/runtime': ^1.7.1

  '@nodable/entities@2.2.0':
    resolution: {integrity: sha512-9uGyhaQavEUMC8AIddIjau4NsnsXhou+j5sBAGojCM1oxmQpVKTWR/9JxABD6UAv12vpIms55fPZKFQEhG6uBg==}

  '@oxc-transform/binding-android-arm-eabi@0.121.0':
    resolution: {integrity: sha512-NNYkyDjTID7oVW0LUZ04kDShtyY6hgsTakd2u3mz/hN765JviCuyBIi5qT9dDOmgX0t1y74nuS7FwiLgaCcZ4g==}
    engines: {node: ^20.19.0 || >=22.12.0}
    cpu: [arm]
    os: [android]

  '@oxc-transform/binding-android-arm64@0.121.0':
    resolution: {integrity: sha512-zO5az3E5JUmF/k7xOOL9TCipqaVn/d8QHK5T8/bcw6qTWAPVFJjQRK8+5MSmp2ItO2Dmxed5DdWMSxG2NNfA5w==}
    engines: {node: ^20.19.0 || >=22.12.0}
    cpu: [arm64]
    os: [android]

  '@oxc-transform/binding-darwin-arm64@0.121.0':
    resolution: {integrity: sha512-3vcZdmL8OAdYzXfPDeXrO9KagTgUbXPSFXotoww9N0jVNbdCvSpKJHia1aqdltyevrCWF4KqJyOeeUfGcw7AJw==}
    engines: {node: ^20.19.0 || >=22.12.0}
    cpu: [arm64]
    os: [darwin]

  '@oxc-transform/binding-darwin-x64@0.121.0':
    resolution: {integrity: sha512-R63ZXF4Fuer3FEZYX9UmzIKAENSEYQZTglTkzWoyNPyuHDhSfyJIK+X+wgy2Wc1lTad1XquCUq5SDuRSd37fcQ==}
    engines: {node: ^20.19.0 || >=22.12.0}
    cpu: [x64]
    os: [darwin]

  '@oxc-transform/binding-freebsd-x64@0.121.0':
    resolution: {integrity: sha512-0krk8L6iOJ6fobs3f9XHo4RSgEas0yLq9/xGZMuwxFs+rI/rnpYPX+1LLSmreHqeZM77a7r+UF12WjwI1odVUA==}
    engines: {node: ^20.19.0 || >=22.12.0}
    cpu: [x64]
    os: [freebsd]

  '@oxc-transform/binding-linux-arm-gnueabihf@0.121.0':
    resolution: {integrity: sha512-cNkTaw77UaNiGOCIv2R1kHZ3OkTVlr/059agLCUaeQmZGl76Ad7DrDcDyhC0Iugw0jEdWZ9zeUS5VLmzblnTXQ==}
    engines: {node: ^20.19.0 || >=22.12.0}
    cpu: [arm]
    os: [linux]

  '@oxc-transform/binding-linux-arm-musleabihf@0.121.0':
    resolution: {integrity: sha512-eDwTIN0UUCQePgFR41doxorzsxoMoUTbXo6bEbvdFH7P4ZoaUXgHYN10Qjd9K6k0x/bBnU6oC4YPSWYKvQDr9Q==}
    engines: {node: ^20.19.0 || >=22.12.0}
    cpu: [arm]
    os: [linux]

  '@oxc-transform/binding-linux-arm64-gnu@0.121.0':
    resolution: {integrity: sha512-UthSp+L23xeV0lIVloiRDU1d3aOvq0KRif3s6vszeSGnWf69+EVcZcondqLuX9optUhKV0/L8xwe2wLr9WkaDA==}
    engines: {node: ^20.19.0 || >=22.12.0}
    cpu: [arm64]
    os: [linux]
    libc: [glibc]

  '@oxc-transform/binding-linux-arm64-musl@0.121.0':
    resolution: {integrity: sha512-J5vKUF8Jml1m9Fl48fKp2/wPl8LhGdjJWZ3PrrT+S16SbW7yEKixq5upzO2arhrky5elRYMXWwfi60ex1tBi6g==}
    engines: {node: ^20.19.0 || >=22.12.0}
    cpu: [arm64]
    os: [linux]
    libc: [musl]

  '@oxc-transform/binding-linux-ppc64-gnu@0.121.0':
    resolution: {integrity: sha512-ya+/TL/YH/VcfWeRs95pMIgEj1eQgKg3kR/9AkQgSi8i9jIDEXrgrcQ8cwRYSZ3THlT6cxe3KGJa6vwcHG6JEg==}
    engines: {node: ^20.19.0 || >=22.12.0}
    cpu: [ppc64]
    os: [linux]
    libc: [glibc]

  '@oxc-transform/binding-linux-riscv64-gnu@0.121.0':
    resolution: {integrity: sha512-XhUBS/6bxL3maLMvkyY5jM23jFCORl+noYc7KkMydpb0Ot08XSu+8c2o7QpGVHWf85eTH/1Tx0aOTrcWek7EAw==}
    engines: {node: ^20.19.0 || >=22.12.0}
    cpu: [riscv64]
    os: [linux]
    libc: [glibc]

  '@oxc-transform/binding-linux-riscv64-musl@0.121.0':
    resolution: {integrity: sha512-kAcZZrU2Wxopcpt38D1u5OeLUwV78EXyOu3VfFNkP/vrMiKB4Tbca8ZxBq+XTkpijuKE4DdCQaLZylsFj7L00w==}
    engines: {node: ^20.19.0 || >=22.12.0}
    cpu: [riscv64]
    os: [linux]
    libc: [musl]

  '@oxc-transform/binding-linux-s390x-gnu@0.121.0':
    resolution: {integrity: sha512-jHyHS+NwPAlUEuY6BzFBDoT4LfSBEW/Ne2FeMzdK8LXOvgHFrJiBf6x8FgekatrTGrDpy1hLiACNnPA81Hs2pQ==}
    engines: {node: ^20.19.0 || >=22.12.0}
    cpu: [s390x]
    os: [linux]
    libc: [glibc]

  '@oxc-transform/binding-linux-x64-gnu@0.121.0':
    resolution: {integrity: sha512-KedV2jkFxeMvUqfh6SgXjCnO5SBZ+SorTUxSBeql7zp59ONZgAcehWAqDX+YWsK8wEpt23Q8ydC/0d6ebJIAzQ==}
    engines: {node: ^20.19.0 || >=22.12.0}
    cpu: [x64]
    os: [linux]
    libc: [glibc]

  '@oxc-transform/binding-linux-x64-musl@0.121.0':
    resolution: {integrity: sha512-jFAZwvgjsswiHET2xxxNvxhKCI74yVmewl0F00i3vzt9C088ZVaUvvWlqDS1GRvD4ORBmpJWOYkHdscpIJijEA==}
    engines: {node: ^20.19.0 || >=22.12.0}
    cpu: [x64]
    os: [linux]
    libc: [musl]

  '@oxc-transform/binding-openharmony-arm64@0.121.0':
    resolution: {integrity: sha512-xn9nxaq31f19PUyGh1xKMOSs8MVPImeaESWNOHtAIznckE+qa5/oHtYALzF3z8uvy1EC/eZODWcHrsYOVNaWug==}
    engines: {node: ^20.19.0 || >=22.12.0}
    cpu: [arm64]
    os: [openharmony]

  '@oxc-transform/binding-wasm32-wasi@0.121.0':
    resolution: {integrity: sha512-7lj6FBMX8zLfTqIY4YHHTE/b6oyCzZaUwqi2n9KX4FkgjtBpfmq5KSUgi/I+YiE7JJHu1g8Bd3uWJq1lbehL8Q==}
    engines: {node: '>=14.0.0'}
    cpu: [wasm32]

  '@oxc-transform/binding-win32-arm64-msvc@0.121.0':
    resolution: {integrity: sha512-+ve3UajNq2ldcCEEmpMVn7Ic3v/qCykPTSx3lZfe0iCW6tisIWvkYiXpf6B5dvwSY7SDyrdt9EyPMS75b41iPA==}
    engines: {node: ^20.19.0 || >=22.12.0}
    cpu: [arm64]
    os: [win32]

  '@oxc-transform/binding-win32-ia32-msvc@0.121.0':
    resolution: {integrity: sha512-9ZUHa4bXWlPRLzbjYsU3VBSvqwSVHAknQlN+nUO1DVu6j958Ui9ux0I9pZHwxb07I26VMdDhd7AjJyz1ZtZlkg==}
    engines: {node: ^20.19.0 || >=22.12.0}
    cpu: [ia32]
    os: [win32]

  '@oxc-transform/binding-win32-x64-msvc@0.121.0':
    resolution: {integrity: sha512-vV/rzJsmJeeXI1q/xuy93PnoL/IYMwCCyYMX9MmIgMx2a4Lu3vIjUNBLJx1R5CqP/NnvAelsuz05sKlO017FmQ==}
    engines: {node: ^20.19.0 || >=22.12.0}
    cpu: [x64]
    os: [win32]

  '@quansync/fs@1.0.0':
    resolution: {integrity: sha512-4TJ3DFtlf1L5LDMaM6CanJ/0lckGNtJcMjQ1NAV6zDmA0tEHKZtxNKin8EgPaVX1YzljbxckyT2tJrpQKAtngQ==}

  '@sec-ant/readable-stream@0.4.1':
    resolution: {integrity: sha512-831qok9r2t8AlxLko40y2ebgSDhenenCatLVeW/uBtnHPyhHOvG0C7TvfgecV+wHzIm5KUICgzmVpWS+IMEAeg==}

  '@sindresorhus/merge-streams@4.0.0':
    resolution: {integrity: sha512-tlqY9xq5ukxTUZBmoOp+m61cqwQD5pHJtFY3Mn8CA8ps6yghLH/Hw8UPdqg4OLmFW3IFlcXnQNmo/dh8HzXYIQ==}
    engines: {node: '>=18'}

  '@tybys/wasm-util@0.10.3':
    resolution: {integrity: sha512-F3fo1MYrRJYL3zER0OUOmkutjr1Vp23m7OsSgp7nq4SP6OqX6C/56XFIPAl5bt3zaBRjmW7SGz3u/6LwFpYcOg==}

  anynum@1.0.1:
    resolution: {integrity: sha512-N6//FLET/tXYNM/F6ABca1oH6fWB+KlTt909Le28WMDBk8oaT4vY17DCrwg2MvmuqUKt3Ni4N5dGJ/EoBgcO6A==}

  cross-spawn@7.0.6:
    resolution: {integrity: sha512-uV2QOWP2nWzsy2aMp8aRibhi9dlzF5Hgh5SHaB9OiTGEyDTiJJyx0uy51QXdyWbtAHNua4XJzUKca3OzKUd3vA==}
    engines: {node: '>= 8'}

  defu@6.1.7:
    resolution: {integrity: sha512-7z22QmUWiQ/2d0KkdYmANbRUVABpZ9SNYyH5vx6PZ+nE5bcC0l7uFvEfHlyld/HcGBFTL536ClDt3DEcSlEJAQ==}

  es-toolkit@1.49.0:
    resolution: {integrity: sha512-G5iZ6Pc/FNRY/soKZHC+TxGDD83rHUDXxzaWhGCX44vAv/tMs56WMusnm/KMNK+luUPsgA9U28cGr4RDlSzL2g==}

  execa@9.5.2:
    resolution: {integrity: sha512-EHlpxMCpHWSAh1dgS6bVeoLAXGnJNdR93aabr4QCGbzOM73o5XmRfM/e5FUqsw3aagP8S8XEWUWFAxnRBnAF0Q==}
    engines: {node: ^18.19.0 || >=20.5.0}

  fast-xml-builder@1.2.1:
    resolution: {integrity: sha512-tPb5TTWfgfVx5BNSi2xV0eLr89POeXXn0dXIsCJ9m1narrWxeIyx6je9d7Rce/3NyXLbvuQmLkxq+RuxMWejvw==}

  fast-xml-parser@5.8.0:
    resolution: {integrity: sha512-6bIM7fsJxeo3uXv7OncQYsBAMPJ7V16Slahl/6M98C/i2q+vB1+4a0MtrvYwDFEUrwDSbAmeLDRXsOBwrL7yAg==}
    hasBin: true

  figures@6.1.0:
    resolution: {integrity: sha512-d+l3qxjSesT4V7v2fh+QnmFnUWv9lSpjarhShNTgBOfA0ttejbQUAlHLitbjkoRiDulW0OPoQPYIGhIC8ohejg==}
    engines: {node: '>=18'}

  get-stream@9.0.1:
    resolution: {integrity: sha512-kVCxPF3vQM/N0B1PmoqVUqgHP+EeVjmZSQn+1oCRPxd2P21P2F19lIgbR3HBosbB1PUhOAoctJnfEn2GbN2eZA==}
    engines: {node: '>=18'}

  hot-updater@0.35.1:
    resolution: {integrity: sha512-j20UNRrP06xU7tus5xLBW7ucRQcaTen6AMfY5ymMEdU+WoZlCg4DlxFPqiKp+cEwe2abG+ZHPJ5BpWp0c4YsZg==}
    engines: {node: '>=20.19.0'}
    hasBin: true
    peerDependencies:
      '@expo/fingerprint': '*'
      '@hot-updater/aws': '*'
      '@hot-updater/cloudflare': '*'
      '@hot-updater/firebase': '*'
      '@hot-updater/supabase': '*'
    peerDependenciesMeta:
      '@expo/fingerprint':
        optional: true
      '@hot-updater/aws':
        optional: true
      '@hot-updater/cloudflare':
        optional: true
      '@hot-updater/firebase':
        optional: true
      '@hot-updater/supabase':
        optional: true

  human-signals@8.0.1:
    resolution: {integrity: sha512-eKCa6bwnJhvxj14kZk5NCPc6Hb6BdsU9DZcOnmQKSnO1VKrfV0zCvtttPZUsBvjmNDn8rpcJfpwSYnHBjc95MQ==}
    engines: {node: '>=18.18.0'}

  is-plain-obj@4.1.0:
    resolution: {integrity: sha512-+Pgi+vMuUNkJyExiMBt5IlFoMyKnr5zhJ4Uspz58WOhBF5QoIZkFyNHIbBAtHwzVAgk5RtndVNsDRN61/mmDqg==}
    engines: {node: '>=12'}

  is-stream@4.0.1:
    resolution: {integrity: sha512-Dnz92NInDqYckGEUJv689RbRiTSEHCQ7wOVeALbkOz999YpqT46yMRIGtSNl2iCL1waAZSx40+h59NV/EwzV/A==}
    engines: {node: '>=18'}

  is-unicode-supported@2.1.0:
    resolution: {integrity: sha512-mE00Gnza5EEB3Ds0HfMyllZzbBrmLOX3vfWoj9A9PEnTfratQ/BcaJOuMhnkhjXvb2+FkY3VuHqtAGpTPmglFQ==}
    engines: {node: '>=18'}

  isexe@2.0.0:
    resolution: {integrity: sha512-RHxMLp9lnKHGHRng9QFhRCMbYAcVpn69smSGcq3f36xjgVVWThj4qqLbTLlq7Ssj8B+fIQ1EuCEGI2lKsyQeIw==}

  jiti@2.6.1:
    resolution: {integrity: sha512-ekilCSN1jwRvIbgeg/57YFh8qQDNbwDb9xT/qu2DAHbFFZUicIl4ygVaAvzveMhMVr3LnpSKTNnwt8PoOfmKhQ==}
    hasBin: true

  jiti@2.7.0:
    resolution: {integrity: sha512-AC/7JofJvZGrrneWNaEnJeOLUx+JlGt7tNa0wZiRPT4MY1wmfKjt2+6O2p2uz2+skll8OZZmJMNqeke7kKbNgQ==}
    hasBin: true

  kysely@0.29.3:
    resolution: {integrity: sha512-VHtBdW6XB/pgoTSqraM3UAa2rYoYdNXqnNPpX+8XXP+cwYbVEFuAp3HyPt1vpNfU9l7Y2kpUrA9QDPsy8uUqOQ==}
    engines: {node: '>=22.0.0'}

  mime@4.1.0:
    resolution: {integrity: sha512-X5ju04+cAzsojXKes0B/S4tcYtFAJ6tTMuSPBEn9CPGlrWr8Fiw7qYeLT0XyH80HSoAoqWCaz+MWKh22P7G1cw==}
    engines: {node: '>=16'}
    hasBin: true

  npm-run-path@6.0.0:
    resolution: {integrity: sha512-9qny7Z9DsQU8Ou39ERsPU4OZQlSTP47ShQzuKZ6PRXpYLtIFgl/DEBYEXKlvcEa+9tHVcK8CF81Y2V72qaZhWA==}
    engines: {node: '>=18'}

  oxc-transform@0.121.0:
    resolution: {integrity: sha512-Kf243wJU/vWF/ThV+ZyfLMQIrViVFRSyYO7UPKpZMMPGGMzxxcHgsNGWy0Uy+pcXD78+jdUnxVTR9rYT73Qw3A==}
    engines: {node: ^20.19.0 || >=22.12.0}

  parse-ms@4.0.0:
    resolution: {integrity: sha512-TXfryirbmq34y8QBwgqCVLi+8oA3oWx2eAnSn62ITyEhEYaWRlVZ2DvMM9eZbMs/RfxPu/PK/aBLyGj4IrqMHw==}
    engines: {node: '>=18'}

  path-expression-matcher@1.6.1:
    resolution: {integrity: sha512-h7bxdzhHk8Knyc4Tj+jMaa7fEEoUJy7p1qtbVgkYg1Uhpe5Np5VuGXCRZnkZvU+Q42M1vStt0ifa3ueykRJPmQ==}
    engines: {node: '>=14.0.0'}

  path-key@3.1.1:
    resolution: {integrity: sha512-ojmeN0qd+y0jszEtoY48r0Peq5dwMEkIlCOu6Q5f41lfkswXuKtYrhgoTpLnyIcHm24Uhqx+5Tqm2InSwLhE6Q==}
    engines: {node: '>=8'}

  path-key@4.0.0:
    resolution: {integrity: sha512-haREypq7xkM7ErfgIyA0z+Bj4AGKlMSdlQE2jvJo6huWD1EdkKYV+G/T4nq0YEF2vgTT8kqMFKo1uHn950r4SQ==}
    engines: {node: '>=12'}

  pretty-ms@9.3.0:
    resolution: {integrity: sha512-gjVS5hOP+M3wMm5nmNOucbIrqudzs9v/57bWRHQWLYklXqoXKrVfYW2W9+glfGsqtPgpiz5WwyEEB+ksXIx3gQ==}
    engines: {node: '>=18'}

  quansync@1.0.0:
    resolution: {integrity: sha512-5xZacEEufv3HSTPQuchrvV6soaiACMFnq1H8wkVioctoH3TRha9Sz66lOxRwPK/qZj7HPiSveih9yAyh98gvqA==}

  rou3@0.7.9:
    resolution: {integrity: sha512-+JM7c8swGkoXkWRkIz7qpYN9Bls7Rj/vuSGaxtoKHIe8Ba1ci+mXnqzqtJFrXSbvEazNL9v83P2RiXae9NSbfQ==}

  semver@7.8.5:
    resolution: {integrity: sha512-Y7/KDsb8LjooZpwaqGyulO6DQlksgCncchHGk+sZIY4SBvUocMBEFH5Ur1fI4dV+Jvl0w6cjvucaIi40puRioA==}
    engines: {node: '>=10'}
    hasBin: true

  shebang-command@2.0.0:
    resolution: {integrity: sha512-kHxr2zZpYtdmrN1qDjrrX/Z1rR1kG8Dx+gkpK1G4eXmvXswmcE1hTWBWYUzlraYw1/yZp6YuDY77YtvbN0dmDA==}
    engines: {node: '>=8'}

  shebang-regex@3.0.0:
    resolution: {integrity: sha512-7++dFhtcx3353uBaq8DDR4NuxBetBzC7ZQOhmTQInHEd6bSrXdiEyzCvG07Z44UYdLShWUyXt5M/yhz8ekcb1A==}
    engines: {node: '>=8'}

  signal-exit@4.1.0:
    resolution: {integrity: sha512-bzyZ1e88w9O1iNJbKnOlvYTrWPDl46O1bG0D3XInv+9tkPrxrN8jUUTiFlDkkmKWgn1M6CfIA13SuGqOa9Korw==}
    engines: {node: '>=14'}

  strip-final-newline@4.0.0:
    resolution: {integrity: sha512-aulFJcD6YK8V1G7iRB5tigAP4TsHBZZrOV8pjV++zdUwmeV8uzbY7yn6h9MswN62adStNZFuCIx4haBnRuMDaw==}
    engines: {node: '>=18'}

  strnum@2.4.1:
    resolution: {integrity: sha512-M9eUSMT2dCB2cTNPG7UYj6KuK7RJR2SN2+yCV/fTW3xzTCS6EaGZ5pSMgDIjB7r8zSfTGk+dvvn9rTjpVS9Mwg==}

  tslib@2.8.1:
    resolution: {integrity: sha512-oJFu94HQb+KVduSUQL7wnpmqnfmLsOA/nAh6b6EH0wCEoK0/mPeXU6c3wKDV83MkOuHPRHtSXKKU99IBazS/2w==}

  typescript@6.0.2:
    resolution: {integrity: sha512-bGdAIrZ0wiGDo5l8c++HWtbaNCWTS4UTv7RaTH/ThVIgjkveJt83m74bBHMJkuCbslY8ixgLBVZJIOiQlQTjfQ==}
    engines: {node: '>=14.17'}
    hasBin: true

  unconfig-core@7.5.0:
    resolution: {integrity: sha512-Su3FauozOGP44ZmKdHy2oE6LPjk51M/TRRjHv2HNCWiDvfvCoxC2lno6jevMA91MYAdCdwP05QnWdWpSbncX/w==}

  unconfig@7.5.0:
    resolution: {integrity: sha512-oi8Qy2JV4D3UQ0PsopR28CzdQ3S/5A1zwsUwp/rosSbfhJ5z7b90bIyTwi/F7hCLD4SGcZVjDzd4XoUQcEanvA==}

  unicorn-magic@0.3.0:
    resolution: {integrity: sha512-+QBBXBCvifc56fsbuxZQ6Sic3wqqc3WWaqxs58gvJrcOuN83HGTCwz3oS5phzU9LthRNE9VrJCFCLUgHeeFnfA==}
    engines: {node: '>=18'}

  which@2.0.2:
    resolution: {integrity: sha512-BLI3Tl1TW3Pvl70l3yq3Y64i+awpwXqsGBYWkkqMtnbXgrMD+yj7rhW0kuEDxzJaYXGjEW5ogapKNMEKNMjibA==}
    engines: {node: '>= 8'}
    hasBin: true

  xml-naming@0.1.0:
    resolution: {integrity: sha512-k8KO9hrMyNk6tUWqUfkTEZbezRRpONVOzUTnc97VnCvyj6Tf9lyUR9EDAIeiVLv56jsMcoXEwjW8Kv5yPY52lw==}
    engines: {node: '>=16.0.0'}

  yoctocolors@2.1.2:
    resolution: {integrity: sha512-CzhO+pFNo8ajLM2d2IW/R93ipy99LWjtwblvC1RsoSUMZgyLbYFr221TnSNT7GjGdYui6P459mw9JH/g/zW2ug==}
    engines: {node: '>=18'}

snapshots:

  '@emnapi/core@1.11.1':
    dependencies:
      '@emnapi/wasi-threads': 1.2.2
      tslib: 2.8.1
    optional: true

  '@emnapi/runtime@1.11.1':
    dependencies:
      tslib: 2.8.1
    optional: true

  '@emnapi/wasi-threads@1.2.2':
    dependencies:
      tslib: 2.8.1
    optional: true

  '@hot-updater/android-helper@0.35.1(@emnapi/core@1.11.1)(@emnapi/runtime@1.11.1)':
    dependencies:
      '@hot-updater/cli-tools': 0.35.1(@emnapi/core@1.11.1)(@emnapi/runtime@1.11.1)
      '@hot-updater/core': 0.35.1
      '@hot-updater/plugin-core': 0.35.1
      execa: 9.5.2
    transitivePeerDependencies:
      - '@emnapi/core'
      - '@emnapi/runtime'

  '@hot-updater/apple-helper@0.35.1(@emnapi/core@1.11.1)(@emnapi/runtime@1.11.1)':
    dependencies:
      '@hot-updater/cli-tools': 0.35.1(@emnapi/core@1.11.1)(@emnapi/runtime@1.11.1)
      '@hot-updater/plugin-core': 0.35.1
      execa: 9.5.2
      fast-xml-parser: 5.8.0
    transitivePeerDependencies:
      - '@emnapi/core'
      - '@emnapi/runtime'

  '@hot-updater/bsdiff@0.35.1': {}

  '@hot-updater/cli-tools@0.35.1(@emnapi/core@1.11.1)(@emnapi/runtime@1.11.1)':
    dependencies:
      '@hot-updater/core': 0.35.1
      '@hot-updater/plugin-core': 0.35.1
      oxc-transform: 0.121.0(@emnapi/core@1.11.1)(@emnapi/runtime@1.11.1)
      typescript: 6.0.2
      unconfig: 7.5.0
    transitivePeerDependencies:
      - '@emnapi/core'
      - '@emnapi/runtime'

  '@hot-updater/console@0.35.1(@hot-updater/cli-tools@0.35.1(@emnapi/core@1.11.1)(@emnapi/runtime@1.11.1))(kysely@0.29.3)':
    dependencies:
      '@hot-updater/bsdiff': 0.35.1
      '@hot-updater/cli-tools': 0.35.1(@emnapi/core@1.11.1)(@emnapi/runtime@1.11.1)
      '@hot-updater/server': 0.35.1(kysely@0.29.3)
    transitivePeerDependencies:
      - '@prisma/client'
      - drizzle-orm
      - kysely
      - mongodb

  '@hot-updater/console@https://pkg.pr.new/gronxb/hot-updater/@hot-updater/console@c11bf75(@hot-updater/cli-tools@0.35.1(@emnapi/core@1.11.1)(@emnapi/runtime@1.11.1))(kysely@0.29.3)':
    dependencies:
      '@hot-updater/bsdiff': 0.35.1
      '@hot-updater/cli-tools': 0.35.1(@emnapi/core@1.11.1)(@emnapi/runtime@1.11.1)
      '@hot-updater/server': 0.35.1(kysely@0.29.3)
    transitivePeerDependencies:
      - '@prisma/client'
      - drizzle-orm
      - kysely
      - mongodb

  '@hot-updater/core@0.35.1': {}

  '@hot-updater/js@0.35.1':
    dependencies:
      '@hot-updater/core': 0.35.1

  '@hot-updater/plugin-core@0.35.1':
    dependencies:
      '@hot-updater/core': 0.35.1
      '@hot-updater/js': 0.35.1
      es-toolkit: 1.49.0
      mime: 4.1.0
      semver: 7.8.5

  '@hot-updater/server@0.35.1(kysely@0.29.3)':
    dependencies:
      '@hot-updater/bsdiff': 0.35.1
      '@hot-updater/core': 0.35.1
      '@hot-updater/js': 0.35.1
      '@hot-updater/plugin-core': 0.35.1
      rou3: 0.7.9
      semver: 7.8.5
    optionalDependencies:
      kysely: 0.29.3

  '@napi-rs/wasm-runtime@1.1.6(@emnapi/core@1.11.1)(@emnapi/runtime@1.11.1)':
    dependencies:
      '@emnapi/core': 1.11.1
      '@emnapi/runtime': 1.11.1
      '@tybys/wasm-util': 0.10.3
    optional: true

  '@nodable/entities@2.2.0': {}

  '@oxc-transform/binding-android-arm-eabi@0.121.0':
    optional: true

  '@oxc-transform/binding-android-arm64@0.121.0':
    optional: true

  '@oxc-transform/binding-darwin-arm64@0.121.0':
    optional: true

  '@oxc-transform/binding-darwin-x64@0.121.0':
    optional: true

  '@oxc-transform/binding-freebsd-x64@0.121.0':
    optional: true

  '@oxc-transform/binding-linux-arm-gnueabihf@0.121.0':
    optional: true

  '@oxc-transform/binding-linux-arm-musleabihf@0.121.0':
    optional: true

  '@oxc-transform/binding-linux-arm64-gnu@0.121.0':
    optional: true

  '@oxc-transform/binding-linux-arm64-musl@0.121.0':
    optional: true

  '@oxc-transform/binding-linux-ppc64-gnu@0.121.0':
    optional: true

  '@oxc-transform/binding-linux-riscv64-gnu@0.121.0':
    optional: true

  '@oxc-transform/binding-linux-riscv64-musl@0.121.0':
    optional: true

  '@oxc-transform/binding-linux-s390x-gnu@0.121.0':
    optional: true

  '@oxc-transform/binding-linux-x64-gnu@0.121.0':
    optional: true

  '@oxc-transform/binding-linux-x64-musl@0.121.0':
    optional: true

  '@oxc-transform/binding-openharmony-arm64@0.121.0':
    optional: true

  '@oxc-transform/binding-wasm32-wasi@0.121.0(@emnapi/core@1.11.1)(@emnapi/runtime@1.11.1)':
    dependencies:
      '@napi-rs/wasm-runtime': 1.1.6(@emnapi/core@1.11.1)(@emnapi/runtime@1.11.1)
    transitivePeerDependencies:
      - '@emnapi/core'
      - '@emnapi/runtime'
    optional: true

  '@oxc-transform/binding-win32-arm64-msvc@0.121.0':
    optional: true

  '@oxc-transform/binding-win32-ia32-msvc@0.121.0':
    optional: true

  '@oxc-transform/binding-win32-x64-msvc@0.121.0':
    optional: true

  '@quansync/fs@1.0.0':
    dependencies:
      quansync: 1.0.0

  '@sec-ant/readable-stream@0.4.1': {}

  '@sindresorhus/merge-streams@4.0.0': {}

  '@tybys/wasm-util@0.10.3':
    dependencies:
      tslib: 2.8.1
    optional: true

  anynum@1.0.1: {}

  cross-spawn@7.0.6:
    dependencies:
      path-key: 3.1.1
      shebang-command: 2.0.0
      which: 2.0.2

  defu@6.1.7: {}

  es-toolkit@1.49.0: {}

  execa@9.5.2:
    dependencies:
      '@sindresorhus/merge-streams': 4.0.0
      cross-spawn: 7.0.6
      figures: 6.1.0
      get-stream: 9.0.1
      human-signals: 8.0.1
      is-plain-obj: 4.1.0
      is-stream: 4.0.1
      npm-run-path: 6.0.0
      pretty-ms: 9.3.0
      signal-exit: 4.1.0
      strip-final-newline: 4.0.0
      yoctocolors: 2.1.2

  fast-xml-builder@1.2.1:
    dependencies:
      path-expression-matcher: 1.6.1
      xml-naming: 0.1.0

  fast-xml-parser@5.8.0:
    dependencies:
      '@nodable/entities': 2.2.0
      fast-xml-builder: 1.2.1
      path-expression-matcher: 1.6.1
      strnum: 2.4.1
      xml-naming: 0.1.0

  figures@6.1.0:
    dependencies:
      is-unicode-supported: 2.1.0

  get-stream@9.0.1:
    dependencies:
      '@sec-ant/readable-stream': 0.4.1
      is-stream: 4.0.1

  hot-updater@0.35.1(@emnapi/core@1.11.1)(@emnapi/runtime@1.11.1)(kysely@0.29.3):
    dependencies:
      '@hot-updater/android-helper': 0.35.1(@emnapi/core@1.11.1)(@emnapi/runtime@1.11.1)
      '@hot-updater/apple-helper': 0.35.1(@emnapi/core@1.11.1)(@emnapi/runtime@1.11.1)
      '@hot-updater/cli-tools': 0.35.1(@emnapi/core@1.11.1)(@emnapi/runtime@1.11.1)
      '@hot-updater/console': 0.35.1(@hot-updater/cli-tools@0.35.1(@emnapi/core@1.11.1)(@emnapi/runtime@1.11.1))(kysely@0.29.3)
      '@hot-updater/core': 0.35.1
      '@hot-updater/plugin-core': 0.35.1
      '@hot-updater/server': 0.35.1(kysely@0.29.3)
      jiti: 2.6.1
    transitivePeerDependencies:
      - '@emnapi/core'
      - '@emnapi/runtime'
      - '@prisma/client'
      - drizzle-orm
      - kysely
      - mongodb

  human-signals@8.0.1: {}

  is-plain-obj@4.1.0: {}

  is-stream@4.0.1: {}

  is-unicode-supported@2.1.0: {}

  isexe@2.0.0: {}

  jiti@2.6.1: {}

  jiti@2.7.0: {}

  kysely@0.29.3:
    optional: true

  mime@4.1.0: {}

  npm-run-path@6.0.0:
    dependencies:
      path-key: 4.0.0
      unicorn-magic: 0.3.0

  oxc-transform@0.121.0(@emnapi/core@1.11.1)(@emnapi/runtime@1.11.1):
    optionalDependencies:
      '@oxc-transform/binding-android-arm-eabi': 0.121.0
      '@oxc-transform/binding-android-arm64': 0.121.0
      '@oxc-transform/binding-darwin-arm64': 0.121.0
      '@oxc-transform/binding-darwin-x64': 0.121.0
      '@oxc-transform/binding-freebsd-x64': 0.121.0
      '@oxc-transform/binding-linux-arm-gnueabihf': 0.121.0
      '@oxc-transform/binding-linux-arm-musleabihf': 0.121.0
      '@oxc-transform/binding-linux-arm64-gnu': 0.121.0
      '@oxc-transform/binding-linux-arm64-musl': 0.121.0
      '@oxc-transform/binding-linux-ppc64-gnu': 0.121.0
      '@oxc-transform/binding-linux-riscv64-gnu': 0.121.0
      '@oxc-transform/binding-linux-riscv64-musl': 0.121.0
      '@oxc-transform/binding-linux-s390x-gnu': 0.121.0
      '@oxc-transform/binding-linux-x64-gnu': 0.121.0
      '@oxc-transform/binding-linux-x64-musl': 0.121.0
      '@oxc-transform/binding-openharmony-arm64': 0.121.0
      '@oxc-transform/binding-wasm32-wasi': 0.121.0(@emnapi/core@1.11.1)(@emnapi/runtime@1.11.1)
      '@oxc-transform/binding-win32-arm64-msvc': 0.121.0
      '@oxc-transform/binding-win32-ia32-msvc': 0.121.0
      '@oxc-transform/binding-win32-x64-msvc': 0.121.0
    transitivePeerDependencies:
      - '@emnapi/core'
      - '@emnapi/runtime'

  parse-ms@4.0.0: {}

  path-expression-matcher@1.6.1: {}

  path-key@3.1.1: {}

  path-key@4.0.0: {}

  pretty-ms@9.3.0:
    dependencies:
      parse-ms: 4.0.0

  quansync@1.0.0: {}

  rou3@0.7.9: {}

  semver@7.8.5: {}

  shebang-command@2.0.0:
    dependencies:
      shebang-regex: 3.0.0

  shebang-regex@3.0.0: {}

  signal-exit@4.1.0: {}

  strip-final-newline@4.0.0: {}

  strnum@2.4.1:
    dependencies:
      anynum: 1.0.1

  tslib@2.8.1:
    optional: true

  typescript@6.0.2: {}

  unconfig-core@7.5.0:
    dependencies:
      '@quansync/fs': 1.0.0
      quansync: 1.0.0

  unconfig@7.5.0:
    dependencies:
      '@quansync/fs': 1.0.0
      defu: 6.1.7
      jiti: 2.7.0
      quansync: 1.0.0
      unconfig-core: 7.5.0

  unicorn-magic@0.3.0: {}

  which@2.0.2:
    dependencies:
      isexe: 2.0.0

  xml-naming@0.1.0: {}

  yoctocolors@2.1.2: {}
